
Microsoft Visual Studio Solution File, Format Version 12.00
# Visual Studio Version 16
VisualStudioVersion = 16.0.29102.190
MinimumVisualStudioVersion = 10.0.40219.1
Project("{9A19103F-16F7-4668-BE54-9A1E7A4F7556}") = "FileScanner", "FileScanner\FileScanner.csproj", "{8B49F64A-62DD-4E02-B74F-90E0FD74F715}"
EndProject
Project("{FAE04EC0-301F-11D3-BF4B-00C04F79EFBC}") = "FileScannerTests", "FileScannerTests\FileScannerTests.csproj", "{D03C9A3A-E4C0-40F3-8F16-96CBD3125642}"
EndProject
Global
	GlobalSection(SolutionConfigurationPlatforms) = preSolution
		Debug|Any CPU = Debug|Any CPU
		Release|Any CPU = Release|Any CPU
	EndGlobalSection
	GlobalSection(ProjectConfigurationPlatforms) = postSolution
		{8B49F64A-62DD-4E02-B74F-90E0FD74F715}.Debug|Any CPU.ActiveCfg = Debug|Any CPU
		{8B49F64A-62DD-4E02-B74F-90E0FD74F715}.Debug|Any CPU.Build.0 = Debug|Any CPU
		{8B49F64A-62DD-4E02-B74F-90E0FD74F715}.Release|Any CPU.ActiveCfg = Release|Any CPU
		{8B49F64A-62DD-4E02-B74F-90E0FD74F715}.Release|Any CPU.Build.0 = Release|Any CPU
		{D03C9A3A-E4C0-40F3-8F16-96CBD3125642}.Debug|Any CPU.ActiveCfg = Debug|Any CPU
		{D03C9A3A-E4C0-40F3-8F16-96CBD3125642}.Debug|Any CPU.Build.0 = Debug|Any CPU
		{D03C9A3A-E4C0-40F3-8F16-96CBD3125642}.Release|Any CPU.ActiveCfg = Release|Any CPU
		{D03C9A3A-E4C0-40F3-8F16-96CBD3125642}.Release|Any CPU.Build.0 = Release|Any CPU
	EndGlobalSection
	GlobalSection(SolutionProperties) = preSolution
		HideSolutionNode = FALSE
	EndGlobalSection
	GlobalSection(ExtensibilityGlobals) = postSolution
		SolutionGuid = {0201144B-1143-466B-8F9C-C9904A698FB9}
	EndGlobalSection
EndGlobal
